
Microsoft Visual Studio Solution File, Format Version 12.00
# Visual Studio Version 16
VisualStudioVersion = 16.0.30717.126
MinimumVisualStudioVersion = 10.0.40219.1
Project("{9A19103F-16F7-4668-BE54-9A1E7A4F7556}") = "TokenProxy.API", "TokenProxy.API\TokenProxy.API.csproj", "{F4EEC97B-7926-415D-8798-9E00585C9016}"
EndProject
Global
	GlobalSection(SolutionConfigurationPlatforms) = preSolution
		Debug|Any CPU = Debug|Any CPU
		Release|Any CPU = Release|Any CPU
	EndGlobalSection
	GlobalSection(ProjectConfigurationPlatforms) = postSolution
		{F4EEC97B-7926-415D-8798-9E00585C9016}.Debug|Any CPU.ActiveCfg = Debug|Any CPU
		{F4EEC97B-7926-415D-8798-9E00585C9016}.Debug|Any CPU.Build.0 = Debug|Any CPU
		{F4EEC97B-7926-415D-8798-9E00585C9016}.Release|Any CPU.ActiveCfg = Release|Any CPU
		{F4EEC97B-7926-415D-8798-9E00585C9016}.Release|Any CPU.Build.0 = Release|Any CPU
	EndGlobalSection
	GlobalSection(SolutionProperties) = preSolution
		HideSolutionNode = FALSE
	EndGlobalSection
	GlobalSection(ExtensibilityGlobals) = postSolution
		SolutionGuid = {72EDD621-DFEC-4CCC-837F-AD485BE117FE}
	EndGlobalSection
EndGlobal
